// !$*UTF8*$!
{
	archiveVersion = 1;
	classes = {
	};
	objectVersion = 46;
	objects = {

/* Begin PBXBuildFile section */
		200624AA1FDC9CC500F699FD /* DetailsViewController.swift in Sources */ = {isa = PBXBuildFile; fileRef = 200624A91FDC9CC500F699FD /* DetailsViewController.swift */; };
		200624AC1FDE4EF200F699FD /* DataPointTableCell.swift in Sources */ = {isa = PBXBuildFile; fileRef = 200624AB1FDE4EF200F699FD /* DataPointTableCell.swift */; };
		201518361EFE29A3001D30AD /* MainViewController.swift in Sources */ = {isa = PBXBuildFile; fileRef = 201518351EFE29A3001D30AD /* MainViewController.swift */; };
		202D937A1F3FF3B800B57133 /* Main.storyboard in Resources */ = {isa = PBXBuildFile; fileRef = 202D93791F3FF3B800B57133 /* Main.storyboard */; };
		202D937C1F3FF68A00B57133 /* LaunchScreen.storyboard in Resources */ = {isa = PBXBuildFile; fileRef = 202D937B1F3FF68A00B57133 /* LaunchScreen.storyboard */; };
		208BFD571EEB699300B1E881 /* AppDelegate.swift in Sources */ = {isa = PBXBuildFile; fileRef = 208BFD561EEB699300B1E881 /* AppDelegate.swift */; };
		208BFD5E1EEB699300B1E881 /* Assets.xcassets in Resources */ = {isa = PBXBuildFile; fileRef = 208BFD5D1EEB699300B1E881 /* Assets.xcassets */; };
		209724EE1FC39A9C00F9F5BB /* WorkoutTypeSelector.swift in Sources */ = {isa = PBXBuildFile; fileRef = 209724ED1FC39A9C00F9F5BB /* WorkoutTypeSelector.swift */; };
		20ACE7271F22B44500A1A227 /* NewDataPopup.swift in Sources */ = {isa = PBXBuildFile; fileRef = 20ACE7261F22B44500A1A227 /* NewDataPopup.swift */; };
		20CB04A51F2459A400CF2319 /* WorkoutData.swift in Sources */ = {isa = PBXBuildFile; fileRef = 20CB04A41F2459A400CF2319 /* WorkoutData.swift */; };
		20CB04A71F26F94900CF2319 /* Workout.swift in Sources */ = {isa = PBXBuildFile; fileRef = 20CB04A61F26F94900CF2319 /* Workout.swift */; };
		20E15BB61EFED73E00920F52 /* TableViewWorkoutCell.swift in Sources */ = {isa = PBXBuildFile; fileRef = 20E15BB51EFED73E00920F52 /* TableViewWorkoutCell.swift */; };
		20E15BB91F05FD8D00920F52 /* NewWorkoutPopup.swift in Sources */ = {isa = PBXBuildFile; fileRef = 20E15BB81F05FD8D00920F52 /* NewWorkoutPopup.swift */; };
		20E15BC41F08484800920F52 /* Atami-Regular.otf in Resources */ = {isa = PBXBuildFile; fileRef = 20E15BC31F08484800920F52 /* Atami-Regular.otf */; };
		20E15BCA1F09FFDB00920F52 /* WorkoutInfoViewController.swift in Sources */ = {isa = PBXBuildFile; fileRef = 20E15BC91F09FFDB00920F52 /* WorkoutInfoViewController.swift */; };
		4553246CB7438620472A0091 /* Pods_Peak.framework in Frameworks */ = {isa = PBXBuildFile; fileRef = 20CF9741C344E8D9F5F9B290 /* Pods_Peak.framework */; };
/* End PBXBuildFile section */

/* Begin PBXCopyFilesBuildPhase section */
		208BFD751EEB69C300B1E881 /* Embed Frameworks */ = {
			isa = PBXCopyFilesBuildPhase;
			buildActionMask = 2147483647;
			dstPath = "";
			dstSubfolderSpec = 10;
			files = (
			);
			name = "Embed Frameworks";
			runOnlyForDeploymentPostprocessing = 0;
		};
/* End PBXCopyFilesBuildPhase section */

/* Begin PBXFileReference section */
		1334532967252FB600CD10CB /* Pods-Peak.release.xcconfig */ = {isa = PBXFileReference; includeInIndex = 1; lastKnownFileType = text.xcconfig; name = "Pods-Peak.release.xcconfig"; path = "Pods/Target Support Files/Pods-Peak/Pods-Peak.release.xcconfig"; sourceTree = "<group>"; };
		200624A91FDC9CC500F699FD /* DetailsViewController.swift */ = {isa = PBXFileReference; lastKnownFileType = sourcecode.swift; path = DetailsViewController.swift; sourceTree = "<group>"; };
		200624AB1FDE4EF200F699FD /* DataPointTableCell.swift */ = {isa = PBXFileReference; lastKnownFileType = sourcecode.swift; path = DataPointTableCell.swift; sourceTree = "<group>"; };
		201518351EFE29A3001D30AD /* MainViewController.swift */ = {isa = PBXFileReference; fileEncoding = 4; lastKnownFileType = sourcecode.swift; path = MainViewController.swift; sourceTree = "<group>"; };
		202D93791F3FF3B800B57133 /* Main.storyboard */ = {isa = PBXFileReference; fileEncoding = 4; lastKnownFileType = file.storyboard; path = Main.storyboard; sourceTree = "<group>"; };
		202D937B1F3FF68A00B57133 /* LaunchScreen.storyboard */ = {isa = PBXFileReference; fileEncoding = 4; lastKnownFileType = file.storyboard; path = LaunchScreen.storyboard; sourceTree = "<group>"; };
		204968DE1FCB7AA3004FFC68 /* SkyFloatingLabelTextField.framework */ = {isa = PBXFileReference; explicitFileType = wrapper.framework; path = SkyFloatingLabelTextField.framework; sourceTree = BUILT_PRODUCTS_DIR; };
		208BFD531EEB699300B1E881 /* Peak.app */ = {isa = PBXFileReference; explicitFileType = wrapper.application; includeInIndex = 0; path = Peak.app; sourceTree = BUILT_PRODUCTS_DIR; };
		208BFD561EEB699300B1E881 /* AppDelegate.swift */ = {isa = PBXFileReference; lastKnownFileType = sourcecode.swift; path = AppDelegate.swift; sourceTree = "<group>"; };
		208BFD5D1EEB699300B1E881 /* Assets.xcassets */ = {isa = PBXFileReference; lastKnownFileType = folder.assetcatalog; path = Assets.xcassets; sourceTree = "<group>"; };
		208BFD621EEB699300B1E881 /* Info.plist */ = {isa = PBXFileReference; lastKnownFileType = text.plist.xml; path = Info.plist; sourceTree = "<group>"; };
		209724ED1FC39A9C00F9F5BB /* WorkoutTypeSelector.swift */ = {isa = PBXFileReference; lastKnownFileType = sourcecode.swift; path = WorkoutTypeSelector.swift; sourceTree = "<group>"; };
		20ACE7261F22B44500A1A227 /* NewDataPopup.swift */ = {isa = PBXFileReference; fileEncoding = 4; lastKnownFileType = sourcecode.swift; path = NewDataPopup.swift; sourceTree = "<group>"; };
		20CB04A41F2459A400CF2319 /* WorkoutData.swift */ = {isa = PBXFileReference; fileEncoding = 4; lastKnownFileType = sourcecode.swift; path = WorkoutData.swift; sourceTree = "<group>"; };
		20CB04A61F26F94900CF2319 /* Workout.swift */ = {isa = PBXFileReference; fileEncoding = 4; lastKnownFileType = sourcecode.swift; path = Workout.swift; sourceTree = "<group>"; };
		20CF9741C344E8D9F5F9B290 /* Pods_Peak.framework */ = {isa = PBXFileReference; explicitFileType = wrapper.framework; includeInIndex = 0; path = Pods_Peak.framework; sourceTree = BUILT_PRODUCTS_DIR; };
		20E15BB51EFED73E00920F52 /* TableViewWorkoutCell.swift */ = {isa = PBXFileReference; fileEncoding = 4; lastKnownFileType = sourcecode.swift; path = TableViewWorkoutCell.swift; sourceTree = "<group>"; };
		20E15BB81F05FD8D00920F52 /* NewWorkoutPopup.swift */ = {isa = PBXFileReference; fileEncoding = 4; lastKnownFileType = sourcecode.swift; path = NewWorkoutPopup.swift; sourceTree = "<group>"; };
		20E15BC31F08484800920F52 /* Atami-Regular.otf */ = {isa = PBXFileReference; lastKnownFileType = file; path = "Atami-Regular.otf"; sourceTree = "<group>"; };
		20E15BC91F09FFDB00920F52 /* WorkoutInfoViewController.swift */ = {isa = PBXFileReference; fileEncoding = 4; lastKnownFileType = sourcecode.swift; path = WorkoutInfoViewController.swift; sourceTree = "<group>"; };
		B579CC124D094605C989E1D8 /* Pods-Peak.debug.xcconfig */ = {isa = PBXFileReference; includeInIndex = 1; lastKnownFileType = text.xcconfig; name = "Pods-Peak.debug.xcconfig"; path = "Pods/Target Support Files/Pods-Peak/Pods-Peak.debug.xcconfig"; sourceTree = "<group>"; };
/* End PBXFileReference section */

/* Begin PBXFrameworksBuildPhase section */
		208BFD501EEB699300B1E881 /* Frameworks */ = {
			isa = PBXFrameworksBuildPhase;
			buildActionMask = 2147483647;
			files = (
				4553246CB7438620472A0091 /* Pods_Peak.framework in Frameworks */,
			);
			runOnlyForDeploymentPostprocessing = 0;
		};
/* End PBXFrameworksBuildPhase section */

/* Begin PBXGroup section */
		200089CA1F3FE88600A56E30 /* Models */ = {
			isa = PBXGroup;
			children = (
				20CB04A41F2459A400CF2319 /* WorkoutData.swift */,
				20CB04A61F26F94900CF2319 /* Workout.swift */,
			);
			path = Models;
			sourceTree = "<group>";
		};
		200089CB1F3FE8E100A56E30 /* Views */ = {
			isa = PBXGroup;
			children = (
				202D93791F3FF3B800B57133 /* Main.storyboard */,
				202D937B1F3FF68A00B57133 /* LaunchScreen.storyboard */,
			);
			path = Views;
			sourceTree = "<group>";
		};
		200089CC1F3FE8E600A56E30 /* Controllers */ = {
			isa = PBXGroup;
			children = (
				20ACE7261F22B44500A1A227 /* NewDataPopup.swift */,
				20E15BB81F05FD8D00920F52 /* NewWorkoutPopup.swift */,
				20E15BB51EFED73E00920F52 /* TableViewWorkoutCell.swift */,
				201518351EFE29A3001D30AD /* MainViewController.swift */,
				200624A91FDC9CC500F699FD /* DetailsViewController.swift */,
				20E15BC91F09FFDB00920F52 /* WorkoutInfoViewController.swift */,
				209724ED1FC39A9C00F9F5BB /* WorkoutTypeSelector.swift */,
				200624AB1FDE4EF200F699FD /* DataPointTableCell.swift */,
			);
			path = Controllers;
			sourceTree = "<group>";
		};
		208BFD4A1EEB699300B1E881 = {
			isa = PBXGroup;
			children = (
				208BFD551EEB699300B1E881 /* Peak */,
				208BFD541EEB699300B1E881 /* Products */,
				68246E28535476E436A6FD4B /* Pods */,
				A834A448784F293A1CEC4556 /* Frameworks */,
			);
			sourceTree = "<group>";
		};
		208BFD541EEB699300B1E881 /* Products */ = {
			isa = PBXGroup;
			children = (
				208BFD531EEB699300B1E881 /* Peak.app */,
			);
			name = Products;
			sourceTree = "<group>";
		};
		208BFD551EEB699300B1E881 /* Peak */ = {
			isa = PBXGroup;
			children = (
				208BFD561EEB699300B1E881 /* AppDelegate.swift */,
				208BFD5D1EEB699300B1E881 /* Assets.xcassets */,
				200089CC1F3FE8E600A56E30 /* Controllers */,
				20E15BBA1F0841D400920F52 /* Fonts */,
				208BFD621EEB699300B1E881 /* Info.plist */,
				200089CA1F3FE88600A56E30 /* Models */,
				200089CB1F3FE8E100A56E30 /* Views */,
			);
			path = Peak;
			sourceTree = "<group>";
		};
		20E15BBA1F0841D400920F52 /* Fonts */ = {
			isa = PBXGroup;
			children = (
				20E15BC31F08484800920F52 /* Atami-Regular.otf */,
			);
			name = Fonts;
			sourceTree = "<group>";
		};
		68246E28535476E436A6FD4B /* Pods */ = {
			isa = PBXGroup;
			children = (
				B579CC124D094605C989E1D8 /* Pods-Peak.debug.xcconfig */,
				1334532967252FB600CD10CB /* Pods-Peak.release.xcconfig */,
			);
			name = Pods;
			sourceTree = "<group>";
		};
		A834A448784F293A1CEC4556 /* Frameworks */ = {
			isa = PBXGroup;
			children = (
				204968DE1FCB7AA3004FFC68 /* SkyFloatingLabelTextField.framework */,
				20CF9741C344E8D9F5F9B290 /* Pods_Peak.framework */,
			);
			name = Frameworks;
			sourceTree = "<group>";
		};
/* End PBXGroup section */

/* Begin PBXNativeTarget section */
		208BFD521EEB699300B1E881 /* Peak */ = {
			isa = PBXNativeTarget;
			buildConfigurationList = 208BFD651EEB699300B1E881 /* Build configuration list for PBXNativeTarget "Peak" */;
			buildPhases = (
				77CF6A0AA2338FC2530F96B6 /* [CP] Check Pods Manifest.lock */,
				208BFD4F1EEB699300B1E881 /* Sources */,
				208BFD501EEB699300B1E881 /* Frameworks */,
				208BFD511EEB699300B1E881 /* Resources */,
				208BFD751EEB69C300B1E881 /* Embed Frameworks */,
				AD513E68DC39EBBD73D408E7 /* [CP] Embed Pods Frameworks */,
				6BADFA3B355789C46DE5216A /* [CP] Copy Pods Resources */,
			);
			buildRules = (
			);
			dependencies = (
			);
			name = Peak;
			productName = Peak;
			productReference = 208BFD531EEB699300B1E881 /* Peak.app */;
			productType = "com.apple.product-type.application";
		};
/* End PBXNativeTarget section */

/* Begin PBXProject section */
		208BFD4B1EEB699300B1E881 /* Project object */ = {
			isa = PBXProject;
			attributes = {
				LastSwiftUpdateCheck = 0830;
				LastUpgradeCheck = 0910;
				ORGANIZATIONNAME = "Antoine Saliba";
				TargetAttributes = {
					208BFD521EEB699300B1E881 = {
						CreatedOnToolsVersion = 8.3.3;
						DevelopmentTeam = 8QHYNWDJL2;
						LastSwiftMigration = 0910;
						ProvisioningStyle = Automatic;
					};
				};
			};
			buildConfigurationList = 208BFD4E1EEB699300B1E881 /* Build configuration list for PBXProject "Peak" */;
			compatibilityVersion = "Xcode 3.2";
			developmentRegion = English;
			hasScannedForEncodings = 0;
			knownRegions = (
				en,
				Base,
			);
			mainGroup = 208BFD4A1EEB699300B1E881;
			productRefGroup = 208BFD541EEB699300B1E881 /* Products */;
			projectDirPath = "";
			projectRoot = "";
			targets = (
				208BFD521EEB699300B1E881 /* Peak */,
			);
		};
/* End PBXProject section */

/* Begin PBXResourcesBuildPhase section */
		208BFD511EEB699300B1E881 /* Resources */ = {
			isa = PBXResourcesBuildPhase;
			buildActionMask = 2147483647;
			files = (
				202D937A1F3FF3B800B57133 /* Main.storyboard in Resources */,
				202D937C1F3FF68A00B57133 /* LaunchScreen.storyboard in Resources */,
				208BFD5E1EEB699300B1E881 /* Assets.xcassets in Resources */,
				20E15BC41F08484800920F52 /* Atami-Regular.otf in Resources */,
			);
			runOnlyForDeploymentPostprocessing = 0;
		};
/* End PBXResourcesBuildPhase section */

/* Begin PBXShellScriptBuildPhase section */
		6BADFA3B355789C46DE5216A /* [CP] Copy Pods Resources */ = {
			isa = PBXShellScriptBuildPhase;
			buildActionMask = 2147483647;
			files = (
			);
			inputPaths = (
			);
			name = "[CP] Copy Pods Resources";
			outputPaths = (
			);
			runOnlyForDeploymentPostprocessing = 0;
			shellPath = /bin/sh;
			shellScript = "\"${SRCROOT}/Pods/Target Support Files/Pods-Peak/Pods-Peak-resources.sh\"\n";
			showEnvVarsInLog = 0;
		};
		77CF6A0AA2338FC2530F96B6 /* [CP] Check Pods Manifest.lock */ = {
			isa = PBXShellScriptBuildPhase;
			buildActionMask = 2147483647;
			files = (
			);
			inputPaths = (
			);
			name = "[CP] Check Pods Manifest.lock";
			outputPaths = (
			);
			runOnlyForDeploymentPostprocessing = 0;
			shellPath = /bin/sh;
			shellScript = "diff \"${PODS_PODFILE_DIR_PATH}/Podfile.lock\" \"${PODS_ROOT}/Manifest.lock\" > /dev/null\nif [ $? != 0 ] ; then\n    # print error to STDERR\n    echo \"error: The sandbox is not in sync with the Podfile.lock. Run 'pod install' or update your CocoaPods installation.\" >&2\n    exit 1\nfi\n";
			showEnvVarsInLog = 0;
		};
		AD513E68DC39EBBD73D408E7 /* [CP] Embed Pods Frameworks */ = {
			isa = PBXShellScriptBuildPhase;
			buildActionMask = 2147483647;
			files = (
			);
			inputPaths = (
			);
			name = "[CP] Embed Pods Frameworks";
			outputPaths = (
			);
			runOnlyForDeploymentPostprocessing = 0;
			shellPath = /bin/sh;
			shellScript = "\"${SRCROOT}/Pods/Target Support Files/Pods-Peak/Pods-Peak-frameworks.sh\"\n";
			showEnvVarsInLog = 0;
		};
/* End PBXShellScriptBuildPhase section */

/* Begin PBXSourcesBuildPhase section */
		208BFD4F1EEB699300B1E881 /* Sources */ = {
			isa = PBXSourcesBuildPhase;
			buildActionMask = 2147483647;
			files = (
				20E15BB61EFED73E00920F52 /* TableViewWorkoutCell.swift in Sources */,
				20E15BB91F05FD8D00920F52 /* NewWorkoutPopup.swift in Sources */,
				20E15BCA1F09FFDB00920F52 /* WorkoutInfoViewController.swift in Sources */,
				20CB04A51F2459A400CF2319 /* WorkoutData.swift in Sources */,
				20CB04A71F26F94900CF2319 /* Workout.swift in Sources */,
				201518361EFE29A3001D30AD /* MainViewController.swift in Sources */,
				20ACE7271F22B44500A1A227 /* NewDataPopup.swift in Sources */,
				209724EE1FC39A9C00F9F5BB /* WorkoutTypeSelector.swift in Sources */,
				200624AA1FDC9CC500F699FD /* DetailsViewController.swift in Sources */,
				200624AC1FDE4EF200F699FD /* DataPointTableCell.swift in Sources */,
				208BFD571EEB699300B1E881 /* AppDelegate.swift in Sources */,
			);
			runOnlyForDeploymentPostprocessing = 0;
		};
/* End PBXSourcesBuildPhase section */

/* Begin XCBuildConfiguration section */
		208BFD631EEB699300B1E881 /* Debug */ = {
			isa = XCBuildConfiguration;
			buildSettings = {
				ALWAYS_SEARCH_USER_PATHS = NO;
				CLANG_ANALYZER_NONNULL = YES;
				CLANG_ANALYZER_NUMBER_OBJECT_CONVERSION = YES_AGGRESSIVE;
				CLANG_CXX_LANGUAGE_STANDARD = "gnu++0x";
				CLANG_CXX_LIBRARY = "libc++";
				CLANG_ENABLE_MODULES = YES;
				CLANG_ENABLE_OBJC_ARC = YES;
				CLANG_WARN_BLOCK_CAPTURE_AUTORELEASING = YES;
				CLANG_WARN_BOOL_CONVERSION = YES;
				CLANG_WARN_COMMA = YES;
				CLANG_WARN_CONSTANT_CONVERSION = YES;
				CLANG_WARN_DIRECT_OBJC_ISA_USAGE = YES_ERROR;
				CLANG_WARN_DOCUMENTATION_COMMENTS = YES;
				CLANG_WARN_EMPTY_BODY = YES;
				CLANG_WARN_ENUM_CONVERSION = YES;
				CLANG_WARN_INFINITE_RECURSION = YES;
				CLANG_WARN_INT_CONVERSION = YES;
				CLANG_WARN_NON_LITERAL_NULL_CONVERSION = YES;
				CLANG_WARN_OBJC_LITERAL_CONVERSION = YES;
				CLANG_WARN_OBJC_ROOT_CLASS = YES_ERROR;
				CLANG_WARN_RANGE_LOOP_ANALYSIS = YES;
				CLANG_WARN_STRICT_PROTOTYPES = YES;
				CLANG_WARN_SUSPICIOUS_MOVE = YES;
				CLANG_WARN_UNREACHABLE_CODE = YES;
				CLANG_WARN__DUPLICATE_METHOD_MATCH = YES;
				"CODE_SIGN_IDENTITY[sdk=iphoneos*]" = "iPhone Developer";
				COPY_PHASE_STRIP = NO;
				DEBUG_INFORMATION_FORMAT = dwarf;
				ENABLE_STRICT_OBJC_MSGSEND = YES;
				ENABLE_TESTABILITY = YES;
				"FRAMEWORK_SEARCH_PATHS[arch=*]" = (
					"$(inherited)",
					"$(PROJECT_DIR)/build/Debug-iphoneos",
					"$(SRCROOT)/**",
				);
				GCC_C_LANGUAGE_STANDARD = gnu99;
				GCC_DYNAMIC_NO_PIC = NO;
				GCC_NO_COMMON_BLOCKS = YES;
				GCC_OPTIMIZATION_LEVEL = 0;
				GCC_PREPROCESSOR_DEFINITIONS = (
					"DEBUG=1",
					"$(inherited)",
				);
				GCC_WARN_64_TO_32_BIT_CONVERSION = YES;
				GCC_WARN_ABOUT_RETURN_TYPE = YES_ERROR;
				GCC_WARN_UNDECLARED_SELECTOR = YES;
				GCC_WARN_UNINITIALIZED_AUTOS = YES_AGGRESSIVE;
				GCC_WARN_UNUSED_FUNCTION = YES;
				GCC_WARN_UNUSED_VARIABLE = YES;
				IPHONEOS_DEPLOYMENT_TARGET = 10.3;
				MTL_ENABLE_DEBUG_INFO = YES;
				ONLY_ACTIVE_ARCH = YES;
				SDKROOT = iphoneos;
				SWIFT_ACTIVE_COMPILATION_CONDITIONS = DEBUG;
				SWIFT_OPTIMIZATION_LEVEL = "-Onone";
				SWIFT_VERSION = 3.0;
				TARGETED_DEVICE_FAMILY = "1,2";
			};
			name = Debug;
		};
		208BFD641EEB699300B1E881 /* Release */ = {
			isa = XCBuildConfiguration;
			buildSettings = {
				ALWAYS_SEARCH_USER_PATHS = NO;
				CLANG_ANALYZER_NONNULL = YES;
				CLANG_ANALYZER_NUMBER_OBJECT_CONVERSION = YES_AGGRESSIVE;
				CLANG_CXX_LANGUAGE_STANDARD = "gnu++0x";
				CLANG_CXX_LIBRARY = "libc++";
				CLANG_ENABLE_MODULES = YES;
				CLANG_ENABLE_OBJC_ARC = YES;
				CLANG_WARN_BLOCK_CAPTURE_AUTORELEASING = YES;
				CLANG_WARN_BOOL_CONVERSION = YES;
				CLANG_WARN_COMMA = YES;
				CLANG_WARN_CONSTANT_CONVERSION = YES;
				CLANG_WARN_DIRECT_OBJC_ISA_USAGE = YES_ERROR;
				CLANG_WARN_DOCUMENTATION_COMMENTS = YES;
				CLANG_WARN_EMPTY_BODY = YES;
				CLANG_WARN_ENUM_CONVERSION = YES;
				CLANG_WARN_INFINITE_RECURSION = YES;
				CLANG_WARN_INT_CONVERSION = YES;
				CLANG_WARN_NON_LITERAL_NULL_CONVERSION = YES;
				CLANG_WARN_OBJC_LITERAL_CONVERSION = YES;
				CLANG_WARN_OBJC_ROOT_CLASS = YES_ERROR;
				CLANG_WARN_RANGE_LOOP_ANALYSIS = YES;
				CLANG_WARN_STRICT_PROTOTYPES = YES;
				CLANG_WARN_SUSPICIOUS_MOVE = YES;
				CLANG_WARN_UNREACHABLE_CODE = YES;
				CLANG_WARN__DUPLICATE_METHOD_MATCH = YES;
				"CODE_SIGN_IDENTITY[sdk=iphoneos*]" = "iPhone Developer";
				COPY_PHASE_STRIP = NO;
				DEBUG_INFORMATION_FORMAT = "dwarf-with-dsym";
				ENABLE_NS_ASSERTIONS = NO;
				ENABLE_STRICT_OBJC_MSGSEND = YES;
				GCC_C_LANGUAGE_STANDARD = gnu99;
				GCC_NO_COMMON_BLOCKS = YES;
				GCC_WARN_64_TO_32_BIT_CONVERSION = YES;
				GCC_WARN_ABOUT_RETURN_TYPE = YES_ERROR;
				GCC_WARN_UNDECLARED_SELECTOR = YES;
				GCC_WARN_UNINITIALIZED_AUTOS = YES_AGGRESSIVE;
				GCC_WARN_UNUSED_FUNCTION = YES;
				GCC_WARN_UNUSED_VARIABLE = YES;
				IPHONEOS_DEPLOYMENT_TARGET = 10.3;
				MTL_ENABLE_DEBUG_INFO = NO;
				SDKROOT = iphoneos;
				SWIFT_OPTIMIZATION_LEVEL = "-Owholemodule";
				SWIFT_VERSION = 3.0;
				TARGETED_DEVICE_FAMILY = "1,2";
				VALIDATE_PRODUCT = YES;
			};
			name = Release;
		};
		208BFD661EEB699300B1E881 /* Debug */ = {
			isa = XCBuildConfiguration;
			baseConfigurationReference = B579CC124D094605C989E1D8 /* Pods-Peak.debug.xcconfig */;
			buildSettings = {
				ALWAYS_EMBED_SWIFT_STANDARD_LIBRARIES = "$(inherited)";
				ASSETCATALOG_COMPILER_APPICON_NAME = AppIcon;
				CLANG_ENABLE_MODULES = YES;
				DEVELOPMENT_TEAM = 8QHYNWDJL2;
				FRAMEWORK_SEARCH_PATHS = "$(inherited)";
				"FRAMEWORK_SEARCH_PATHS[arch=*]" = "$(inherited)";
				INFOPLIST_FILE = Peak/Info.plist;
				LD_RUNPATH_SEARCH_PATHS = "$(inherited) @executable_path/Frameworks";
				"OTHER_SWIFT_FLAGS[arch=*]" = "-Xfrontend -debug-time-function-bodies";
				PODS_CONFIGURATION_BUILD_DIR = "$(inherited)";
				PRODUCT_BUNDLE_IDENTIFIER = com.antoinesaliba.Peak;
				PRODUCT_NAME = "$(TARGET_NAME)";
				SWIFT_OPTIMIZATION_LEVEL = "-Onone";
				SWIFT_REFLECTION_METADATA_LEVEL = none;
				SWIFT_SWIFT3_OBJC_INFERENCE = Default;
				SWIFT_VERSION = 4.0;
			};
			name = Debug;
		};
		208BFD671EEB699300B1E881 /* Release */ = {
			isa = XCBuildConfiguration;
			baseConfigurationReference = 1334532967252FB600CD10CB /* Pods-Peak.release.xcconfig */;
			buildSettings = {
				ALWAYS_EMBED_SWIFT_STANDARD_LIBRARIES = "$(inherited)";
				ASSETCATALOG_COMPILER_APPICON_NAME = AppIcon;
				CLANG_ENABLE_MODULES = YES;
				DEVELOPMENT_TEAM = 8QHYNWDJL2;
				FRAMEWORK_SEARCH_PATHS = "$(inherited)";
				INFOPLIST_FILE = Peak/Info.plist;
				LD_RUNPATH_SEARCH_PATHS = "$(inherited) @executable_path/Frameworks";
				PODS_CONFIGURATION_BUILD_DIR = "$(inherited)";
				PRODUCT_BUNDLE_IDENTIFIER = com.antoinesaliba.Peak;
				PRODUCT_NAME = "$(TARGET_NAME)";
				SWIFT_REFLECTION_METADATA_LEVEL = none;
				SWIFT_SWIFT3_OBJC_INFERENCE = Default;
				SWIFT_VERSION = 4.0;
			};
			name = Release;
		};
/* End XCBuildConfiguration section */

/* Begin XCConfigurationList section */
		208BFD4E1EEB699300B1E881 /* Build configuration list for PBXProject "Peak" */ = {
			isa = XCConfigurationList;
			buildConfigurations = (
				208BFD631EEB699300B1E881 /* Debug */,
				208BFD641EEB699300B1E881 /* Release */,
			);
			defaultConfigurationIsVisible = 0;
			defaultConfigurationName = Release;
		};
		208BFD651EEB699300B1E881 /* Build configuration list for PBXNativeTarget "Peak" */ = {
			isa = XCConfigurationList;
			buildConfigurations = (
				208BFD661EEB699300B1E881 /* Debug */,
				208BFD671EEB699300B1E881 /* Release */,
			);
			defaultConfigurationIsVisible = 0;
			defaultConfigurationName = Release;
		};
/* End XCConfigurationList section */
	};
	rootObject = 208BFD4B1EEB699300B1E881 /* Project object */;
}
