// !$*UTF8*$!
{
	archiveVersion = 1;
	classes = {
	};
	objectVersion = 46;
	objects = {

/* Begin PBXBuildFile section */
		201518361EFE29A3001D30AD /* TestViewController.swift in Sources */ = {isa = PBXBuildFile; fileRef = 201518351EFE29A3001D30AD /* TestViewController.swift */; };
		208BFD571EEB699300B1E881 /* AppDelegate.swift in Sources */ = {isa = PBXBuildFile; fileRef = 208BFD561EEB699300B1E881 /* AppDelegate.swift */; };
		208BFD591EEB699300B1E881 /* ViewController.swift in Sources */ = {isa = PBXBuildFile; fileRef = 208BFD581EEB699300B1E881 /* ViewController.swift */; };
		208BFD5C1EEB699300B1E881 /* Main.storyboard in Resources */ = {isa = PBXBuildFile; fileRef = 208BFD5A1EEB699300B1E881 /* Main.storyboard */; };
		208BFD5E1EEB699300B1E881 /* Assets.xcassets in Resources */ = {isa = PBXBuildFile; fileRef = 208BFD5D1EEB699300B1E881 /* Assets.xcassets */; };
		208BFD611EEB699300B1E881 /* LaunchScreen.storyboard in Resources */ = {isa = PBXBuildFile; fileRef = 208BFD5F1EEB699300B1E881 /* LaunchScreen.storyboard */; };
		208BFD811EEB6BD500B1E881 /* Charts.framework in Frameworks */ = {isa = PBXBuildFile; fileRef = 208BFD7E1EEB6BCB00B1E881 /* Charts.framework */; };
		208BFD821EEB6BD500B1E881 /* Charts.framework in Embed Frameworks */ = {isa = PBXBuildFile; fileRef = 208BFD7E1EEB6BCB00B1E881 /* Charts.framework */; settings = {ATTRIBUTES = (CodeSignOnCopy, RemoveHeadersOnCopy, ); }; };
		209051B41EEC7A94000AEFCA /* MainViewController.swift in Sources */ = {isa = PBXBuildFile; fileRef = 209051B31EEC7A94000AEFCA /* MainViewController.swift */; };
		20E15BB61EFED73E00920F52 /* TableViewWorkoutCell.swift in Sources */ = {isa = PBXBuildFile; fileRef = 20E15BB51EFED73E00920F52 /* TableViewWorkoutCell.swift */; };
		20E15BB91F05FD8D00920F52 /* NewWorkoutPopup.swift in Sources */ = {isa = PBXBuildFile; fileRef = 20E15BB81F05FD8D00920F52 /* NewWorkoutPopup.swift */; };
/* End PBXBuildFile section */

/* Begin PBXContainerItemProxy section */
		208BFD7D1EEB6BCB00B1E881 /* PBXContainerItemProxy */ = {
			isa = PBXContainerItemProxy;
			containerPortal = 208BFD681EEB69B600B1E881 /* Charts.xcodeproj */;
			proxyType = 2;
			remoteGlobalIDString = 06165F241D8110E600722320;
			remoteInfo = Charts;
		};
		208BFD7F1EEB6BCB00B1E881 /* PBXContainerItemProxy */ = {
			isa = PBXContainerItemProxy;
			containerPortal = 208BFD681EEB69B600B1E881 /* Charts.xcodeproj */;
			proxyType = 2;
			remoteGlobalIDString = 06165F2E1D8110E600722320;
			remoteInfo = ChartsTests;
		};
		208BFD831EEB6BD500B1E881 /* PBXContainerItemProxy */ = {
			isa = PBXContainerItemProxy;
			containerPortal = 208BFD681EEB69B600B1E881 /* Charts.xcodeproj */;
			proxyType = 1;
			remoteGlobalIDString = 06165F231D8110E600722320;
			remoteInfo = Charts;
		};
/* End PBXContainerItemProxy section */

/* Begin PBXCopyFilesBuildPhase section */
		208BFD751EEB69C300B1E881 /* Embed Frameworks */ = {
			isa = PBXCopyFilesBuildPhase;
			buildActionMask = 2147483647;
			dstPath = "";
			dstSubfolderSpec = 10;
			files = (
				208BFD821EEB6BD500B1E881 /* Charts.framework in Embed Frameworks */,
			);
			name = "Embed Frameworks";
			runOnlyForDeploymentPostprocessing = 0;
		};
/* End PBXCopyFilesBuildPhase section */

/* Begin PBXFileReference section */
		201518351EFE29A3001D30AD /* TestViewController.swift */ = {isa = PBXFileReference; fileEncoding = 4; lastKnownFileType = sourcecode.swift; path = TestViewController.swift; sourceTree = "<group>"; };
		208BFD531EEB699300B1E881 /* Peak.app */ = {isa = PBXFileReference; explicitFileType = wrapper.application; includeInIndex = 0; path = Peak.app; sourceTree = BUILT_PRODUCTS_DIR; };
		208BFD561EEB699300B1E881 /* AppDelegate.swift */ = {isa = PBXFileReference; lastKnownFileType = sourcecode.swift; path = AppDelegate.swift; sourceTree = "<group>"; };
		208BFD581EEB699300B1E881 /* ViewController.swift */ = {isa = PBXFileReference; lastKnownFileType = sourcecode.swift; path = ViewController.swift; sourceTree = "<group>"; };
		208BFD5B1EEB699300B1E881 /* Base */ = {isa = PBXFileReference; lastKnownFileType = file.storyboard; name = Base; path = Base.lproj/Main.storyboard; sourceTree = "<group>"; };
		208BFD5D1EEB699300B1E881 /* Assets.xcassets */ = {isa = PBXFileReference; lastKnownFileType = folder.assetcatalog; path = Assets.xcassets; sourceTree = "<group>"; };
		208BFD601EEB699300B1E881 /* Base */ = {isa = PBXFileReference; lastKnownFileType = file.storyboard; name = Base; path = Base.lproj/LaunchScreen.storyboard; sourceTree = "<group>"; };
		208BFD621EEB699300B1E881 /* Info.plist */ = {isa = PBXFileReference; lastKnownFileType = text.plist.xml; path = Info.plist; sourceTree = "<group>"; };
		208BFD681EEB69B600B1E881 /* Charts.xcodeproj */ = {isa = PBXFileReference; lastKnownFileType = "wrapper.pb-project"; name = Charts.xcodeproj; path = "../../../Downloads/Charts-master/Charts.xcodeproj"; sourceTree = "<group>"; };
		209051B31EEC7A94000AEFCA /* MainViewController.swift */ = {isa = PBXFileReference; fileEncoding = 4; lastKnownFileType = sourcecode.swift; path = MainViewController.swift; sourceTree = "<group>"; };
		20E15BB51EFED73E00920F52 /* TableViewWorkoutCell.swift */ = {isa = PBXFileReference; fileEncoding = 4; lastKnownFileType = sourcecode.swift; path = TableViewWorkoutCell.swift; sourceTree = "<group>"; };
		20E15BB81F05FD8D00920F52 /* NewWorkoutPopup.swift */ = {isa = PBXFileReference; fileEncoding = 4; lastKnownFileType = sourcecode.swift; path = NewWorkoutPopup.swift; sourceTree = "<group>"; };
/* End PBXFileReference section */

/* Begin PBXFrameworksBuildPhase section */
		208BFD501EEB699300B1E881 /* Frameworks */ = {
			isa = PBXFrameworksBuildPhase;
			buildActionMask = 2147483647;
			files = (
				208BFD811EEB6BD500B1E881 /* Charts.framework in Frameworks */,
			);
			runOnlyForDeploymentPostprocessing = 0;
		};
/* End PBXFrameworksBuildPhase section */

/* Begin PBXGroup section */
		208BFD4A1EEB699300B1E881 = {
			isa = PBXGroup;
			children = (
				208BFD551EEB699300B1E881 /* Peak */,
				208BFD541EEB699300B1E881 /* Products */,
				208BFD681EEB69B600B1E881 /* Charts.xcodeproj */,
			);
			sourceTree = "<group>";
		};
		208BFD541EEB699300B1E881 /* Products */ = {
			isa = PBXGroup;
			children = (
				208BFD531EEB699300B1E881 /* Peak.app */,
			);
			name = Products;
			sourceTree = "<group>";
		};
		208BFD551EEB699300B1E881 /* Peak */ = {
			isa = PBXGroup;
			children = (
				208BFD561EEB699300B1E881 /* AppDelegate.swift */,
				208BFD581EEB699300B1E881 /* ViewController.swift */,
				208BFD5A1EEB699300B1E881 /* Main.storyboard */,
				20E15BB81F05FD8D00920F52 /* NewWorkoutPopup.swift */,
				20E15BB51EFED73E00920F52 /* TableViewWorkoutCell.swift */,
				201518351EFE29A3001D30AD /* TestViewController.swift */,
				209051B31EEC7A94000AEFCA /* MainViewController.swift */,
				208BFD5D1EEB699300B1E881 /* Assets.xcassets */,
				208BFD5F1EEB699300B1E881 /* LaunchScreen.storyboard */,
				208BFD621EEB699300B1E881 /* Info.plist */,
			);
			path = Peak;
			sourceTree = "<group>";
		};
		208BFD791EEB6BCB00B1E881 /* Products */ = {
			isa = PBXGroup;
			children = (
				208BFD7E1EEB6BCB00B1E881 /* Charts.framework */,
				208BFD801EEB6BCB00B1E881 /* ChartsTests.xctest */,
			);
			name = Products;
			sourceTree = "<group>";
		};
/* End PBXGroup section */

/* Begin PBXNativeTarget section */
		208BFD521EEB699300B1E881 /* Peak */ = {
			isa = PBXNativeTarget;
			buildConfigurationList = 208BFD651EEB699300B1E881 /* Build configuration list for PBXNativeTarget "Peak" */;
			buildPhases = (
				208BFD4F1EEB699300B1E881 /* Sources */,
				208BFD501EEB699300B1E881 /* Frameworks */,
				208BFD511EEB699300B1E881 /* Resources */,
				208BFD751EEB69C300B1E881 /* Embed Frameworks */,
			);
			buildRules = (
			);
			dependencies = (
				208BFD841EEB6BD500B1E881 /* PBXTargetDependency */,
			);
			name = Peak;
			productName = Peak;
			productReference = 208BFD531EEB699300B1E881 /* Peak.app */;
			productType = "com.apple.product-type.application";
		};
/* End PBXNativeTarget section */

/* Begin PBXProject section */
		208BFD4B1EEB699300B1E881 /* Project object */ = {
			isa = PBXProject;
			attributes = {
				LastSwiftUpdateCheck = 0830;
				LastUpgradeCheck = 0830;
				ORGANIZATIONNAME = "Antoine Saliba";
				TargetAttributes = {
					208BFD521EEB699300B1E881 = {
						CreatedOnToolsVersion = 8.3.3;
						ProvisioningStyle = Automatic;
					};
				};
			};
			buildConfigurationList = 208BFD4E1EEB699300B1E881 /* Build configuration list for PBXProject "Peak" */;
			compatibilityVersion = "Xcode 3.2";
			developmentRegion = English;
			hasScannedForEncodings = 0;
			knownRegions = (
				en,
				Base,
			);
			mainGroup = 208BFD4A1EEB699300B1E881;
			productRefGroup = 208BFD541EEB699300B1E881 /* Products */;
			projectDirPath = "";
			projectReferences = (
				{
					ProductGroup = 208BFD791EEB6BCB00B1E881 /* Products */;
					ProjectRef = 208BFD681EEB69B600B1E881 /* Charts.xcodeproj */;
				},
			);
			projectRoot = "";
			targets = (
				208BFD521EEB699300B1E881 /* Peak */,
			);
		};
/* End PBXProject section */

/* Begin PBXReferenceProxy section */
		208BFD7E1EEB6BCB00B1E881 /* Charts.framework */ = {
			isa = PBXReferenceProxy;
			fileType = wrapper.framework;
			path = Charts.framework;
			remoteRef = 208BFD7D1EEB6BCB00B1E881 /* PBXContainerItemProxy */;
			sourceTree = BUILT_PRODUCTS_DIR;
		};
		208BFD801EEB6BCB00B1E881 /* ChartsTests.xctest */ = {
			isa = PBXReferenceProxy;
			fileType = wrapper.cfbundle;
			path = ChartsTests.xctest;
			remoteRef = 208BFD7F1EEB6BCB00B1E881 /* PBXContainerItemProxy */;
			sourceTree = BUILT_PRODUCTS_DIR;
		};
/* End PBXReferenceProxy section */

/* Begin PBXResourcesBuildPhase section */
		208BFD511EEB699300B1E881 /* Resources */ = {
			isa = PBXResourcesBuildPhase;
			buildActionMask = 2147483647;
			files = (
				208BFD611EEB699300B1E881 /* LaunchScreen.storyboard in Resources */,
				208BFD5E1EEB699300B1E881 /* Assets.xcassets in Resources */,
				208BFD5C1EEB699300B1E881 /* Main.storyboard in Resources */,
			);
			runOnlyForDeploymentPostprocessing = 0;
		};
/* End PBXResourcesBuildPhase section */

/* Begin PBXSourcesBuildPhase section */
		208BFD4F1EEB699300B1E881 /* Sources */ = {
			isa = PBXSourcesBuildPhase;
			buildActionMask = 2147483647;
			files = (
				209051B41EEC7A94000AEFCA /* MainViewController.swift in Sources */,
				20E15BB61EFED73E00920F52 /* TableViewWorkoutCell.swift in Sources */,
				208BFD591EEB699300B1E881 /* ViewController.swift in Sources */,
				20E15BB91F05FD8D00920F52 /* NewWorkoutPopup.swift in Sources */,
				201518361EFE29A3001D30AD /* TestViewController.swift in Sources */,
				208BFD571EEB699300B1E881 /* AppDelegate.swift in Sources */,
			);
			runOnlyForDeploymentPostprocessing = 0;
		};
/* End PBXSourcesBuildPhase section */

/* Begin PBXTargetDependency section */
		208BFD841EEB6BD500B1E881 /* PBXTargetDependency */ = {
			isa = PBXTargetDependency;
			name = Charts;
			targetProxy = 208BFD831EEB6BD500B1E881 /* PBXContainerItemProxy */;
		};
/* End PBXTargetDependency section */

/* Begin PBXVariantGroup section */
		208BFD5A1EEB699300B1E881 /* Main.storyboard */ = {
			isa = PBXVariantGroup;
			children = (
				208BFD5B1EEB699300B1E881 /* Base */,
			);
			name = Main.storyboard;
			sourceTree = "<group>";
		};
		208BFD5F1EEB699300B1E881 /* LaunchScreen.storyboard */ = {
			isa = PBXVariantGroup;
			children = (
				208BFD601EEB699300B1E881 /* Base */,
			);
			name = LaunchScreen.storyboard;
			sourceTree = "<group>";
		};
/* End PBXVariantGroup section */

/* Begin XCBuildConfiguration section */
		208BFD631EEB699300B1E881 /* Debug */ = {
			isa = XCBuildConfiguration;
			buildSettings = {
				ALWAYS_SEARCH_USER_PATHS = NO;
				CLANG_ANALYZER_NONNULL = YES;
				CLANG_ANALYZER_NUMBER_OBJECT_CONVERSION = YES_AGGRESSIVE;
				CLANG_CXX_LANGUAGE_STANDARD = "gnu++0x";
				CLANG_CXX_LIBRARY = "libc++";
				CLANG_ENABLE_MODULES = YES;
				CLANG_ENABLE_OBJC_ARC = YES;
				CLANG_WARN_BOOL_CONVERSION = YES;
				CLANG_WARN_CONSTANT_CONVERSION = YES;
				CLANG_WARN_DIRECT_OBJC_ISA_USAGE = YES_ERROR;
				CLANG_WARN_DOCUMENTATION_COMMENTS = YES;
				CLANG_WARN_EMPTY_BODY = YES;
				CLANG_WARN_ENUM_CONVERSION = YES;
				CLANG_WARN_INFINITE_RECURSION = YES;
				CLANG_WARN_INT_CONVERSION = YES;
				CLANG_WARN_OBJC_ROOT_CLASS = YES_ERROR;
				CLANG_WARN_SUSPICIOUS_MOVE = YES;
				CLANG_WARN_UNREACHABLE_CODE = YES;
				CLANG_WARN__DUPLICATE_METHOD_MATCH = YES;
				"CODE_SIGN_IDENTITY[sdk=iphoneos*]" = "iPhone Developer";
				COPY_PHASE_STRIP = NO;
				DEBUG_INFORMATION_FORMAT = dwarf;
				ENABLE_STRICT_OBJC_MSGSEND = YES;
				ENABLE_TESTABILITY = YES;
				GCC_C_LANGUAGE_STANDARD = gnu99;
				GCC_DYNAMIC_NO_PIC = NO;
				GCC_NO_COMMON_BLOCKS = YES;
				GCC_OPTIMIZATION_LEVEL = 0;
				GCC_PREPROCESSOR_DEFINITIONS = (
					"DEBUG=1",
					"$(inherited)",
				);
				GCC_WARN_64_TO_32_BIT_CONVERSION = YES;
				GCC_WARN_ABOUT_RETURN_TYPE = YES_ERROR;
				GCC_WARN_UNDECLARED_SELECTOR = YES;
				GCC_WARN_UNINITIALIZED_AUTOS = YES_AGGRESSIVE;
				GCC_WARN_UNUSED_FUNCTION = YES;
				GCC_WARN_UNUSED_VARIABLE = YES;
				IPHONEOS_DEPLOYMENT_TARGET = 10.3;
				MTL_ENABLE_DEBUG_INFO = YES;
				ONLY_ACTIVE_ARCH = YES;
				SDKROOT = iphoneos;
				SWIFT_ACTIVE_COMPILATION_CONDITIONS = DEBUG;
				SWIFT_OPTIMIZATION_LEVEL = "-Onone";
				TARGETED_DEVICE_FAMILY = "1,2";
			};
			name = Debug;
		};
		208BFD641EEB699300B1E881 /* Release */ = {
			isa = XCBuildConfiguration;
			buildSettings = {
				ALWAYS_SEARCH_USER_PATHS = NO;
				CLANG_ANALYZER_NONNULL = YES;
				CLANG_ANALYZER_NUMBER_OBJECT_CONVERSION = YES_AGGRESSIVE;
				CLANG_CXX_LANGUAGE_STANDARD = "gnu++0x";
				CLANG_CXX_LIBRARY = "libc++";
				CLANG_ENABLE_MODULES = YES;
				CLANG_ENABLE_OBJC_ARC = YES;
				CLANG_WARN_BOOL_CONVERSION = YES;
				CLANG_WARN_CONSTANT_CONVERSION = YES;
				CLANG_WARN_DIRECT_OBJC_ISA_USAGE = YES_ERROR;
				CLANG_WARN_DOCUMENTATION_COMMENTS = YES;
				CLANG_WARN_EMPTY_BODY = YES;
				CLANG_WARN_ENUM_CONVERSION = YES;
				CLANG_WARN_INFINITE_RECURSION = YES;
				CLANG_WARN_INT_CONVERSION = YES;
				CLANG_WARN_OBJC_ROOT_CLASS = YES_ERROR;
				CLANG_WARN_SUSPICIOUS_MOVE = YES;
				CLANG_WARN_UNREACHABLE_CODE = YES;
				CLANG_WARN__DUPLICATE_METHOD_MATCH = YES;
				"CODE_SIGN_IDENTITY[sdk=iphoneos*]" = "iPhone Developer";
				COPY_PHASE_STRIP = NO;
				DEBUG_INFORMATION_FORMAT = "dwarf-with-dsym";
				ENABLE_NS_ASSERTIONS = NO;
				ENABLE_STRICT_OBJC_MSGSEND = YES;
				GCC_C_LANGUAGE_STANDARD = gnu99;
				GCC_NO_COMMON_BLOCKS = YES;
				GCC_WARN_64_TO_32_BIT_CONVERSION = YES;
				GCC_WARN_ABOUT_RETURN_TYPE = YES_ERROR;
				GCC_WARN_UNDECLARED_SELECTOR = YES;
				GCC_WARN_UNINITIALIZED_AUTOS = YES_AGGRESSIVE;
				GCC_WARN_UNUSED_FUNCTION = YES;
				GCC_WARN_UNUSED_VARIABLE = YES;
				IPHONEOS_DEPLOYMENT_TARGET = 10.3;
				MTL_ENABLE_DEBUG_INFO = NO;
				SDKROOT = iphoneos;
				SWIFT_OPTIMIZATION_LEVEL = "-Owholemodule";
				TARGETED_DEVICE_FAMILY = "1,2";
				VALIDATE_PRODUCT = YES;
			};
			name = Release;
		};
		208BFD661EEB699300B1E881 /* Debug */ = {
			isa = XCBuildConfiguration;
			buildSettings = {
				ALWAYS_EMBED_SWIFT_STANDARD_LIBRARIES = YES;
				ASSETCATALOG_COMPILER_APPICON_NAME = AppIcon;
				INFOPLIST_FILE = Peak/Info.plist;
				LD_RUNPATH_SEARCH_PATHS = "$(inherited) @executable_path/Frameworks";
				PRODUCT_BUNDLE_IDENTIFIER = com.antoinesaliba.Peak;
				PRODUCT_NAME = "$(TARGET_NAME)";
				SWIFT_VERSION = 3.0;
			};
			name = Debug;
		};
		208BFD671EEB699300B1E881 /* Release */ = {
			isa = XCBuildConfiguration;
			buildSettings = {
				ALWAYS_EMBED_SWIFT_STANDARD_LIBRARIES = YES;
				ASSETCATALOG_COMPILER_APPICON_NAME = AppIcon;
				INFOPLIST_FILE = Peak/Info.plist;
				LD_RUNPATH_SEARCH_PATHS = "$(inherited) @executable_path/Frameworks";
				PRODUCT_BUNDLE_IDENTIFIER = com.antoinesaliba.Peak;
				PRODUCT_NAME = "$(TARGET_NAME)";
				SWIFT_VERSION = 3.0;
			};
			name = Release;
		};
/* End XCBuildConfiguration section */

/* Begin XCConfigurationList section */
		208BFD4E1EEB699300B1E881 /* Build configuration list for PBXProject "Peak" */ = {
			isa = XCConfigurationList;
			buildConfigurations = (
				208BFD631EEB699300B1E881 /* Debug */,
				208BFD641EEB699300B1E881 /* Release */,
			);
			defaultConfigurationIsVisible = 0;
			defaultConfigurationName = Release;
		};
		208BFD651EEB699300B1E881 /* Build configuration list for PBXNativeTarget "Peak" */ = {
			isa = XCConfigurationList;
			buildConfigurations = (
				208BFD661EEB699300B1E881 /* Debug */,
				208BFD671EEB699300B1E881 /* Release */,
			);
			defaultConfigurationIsVisible = 0;
			defaultConfigurationName = Release;
		};
/* End XCConfigurationList section */
	};
	rootObject = 208BFD4B1EEB699300B1E881 /* Project object */;
}
